// !$*UTF8*$!
{
	archiveVersion = 1;
	classes = {
	};
	objectVersion = 46;
	objects = {

/* Begin PBXBuildFile section */
		6C088BA71A1A852B0003DF44 /* Ipad.storyboard in Resources */ = {isa = PBXBuildFile; fileRef = 6C088BA61A1A852B0003DF44 /* Ipad.storyboard */; };
		6C76892C1A0E5D02000CF474 /* main.m in Sources */ = {isa = PBXBuildFile; fileRef = 6C76892B1A0E5D02000CF474 /* main.m */; };
		6C76892F1A0E5D02000CF474 /* AppDelegate.m in Sources */ = {isa = PBXBuildFile; fileRef = 6C76892E1A0E5D02000CF474 /* AppDelegate.m */; };
		6C7689321A0E5D02000CF474 /* ViewController.m in Sources */ = {isa = PBXBuildFile; fileRef = 6C7689311A0E5D02000CF474 /* ViewController.m */; };
		6C7689351A0E5D02000CF474 /* Main.storyboard in Resources */ = {isa = PBXBuildFile; fileRef = 6C7689331A0E5D02000CF474 /* Main.storyboard */; };
		6C7689371A0E5D02000CF474 /* Images.xcassets in Resources */ = {isa = PBXBuildFile; fileRef = 6C7689361A0E5D02000CF474 /* Images.xcassets */; };
		6C76893A1A0E5D02000CF474 /* LaunchScreen.xib in Resources */ = {isa = PBXBuildFile; fileRef = 6C7689381A0E5D02000CF474 /* LaunchScreen.xib */; };
		6C7689461A0E5D02000CF474 /* Kocher_BeckTests.m in Sources */ = {isa = PBXBuildFile; fileRef = 6C7689451A0E5D02000CF474 /* Kocher_BeckTests.m */; };
		6CB7BD491A19DB870000B237 /* ManagerViewController.m in Sources */ = {isa = PBXBuildFile; fileRef = 6CB7BD481A19DB870000B237 /* ManagerViewController.m */; };
		6CB7BD4C1A1A05920000B237 /* ProductionsViewController.m in Sources */ = {isa = PBXBuildFile; fileRef = 6CB7BD4B1A1A05920000B237 /* ProductionsViewController.m */; };
		6CB7BD4F1A1A1F810000B237 /* NojViewController.m in Sources */ = {isa = PBXBuildFile; fileRef = 6CB7BD4E1A1A1F810000B237 /* NojViewController.m */; };
		6CB7BD521A1A20500000B237 /* DesignerViewController.m in Sources */ = {isa = PBXBuildFile; fileRef = 6CB7BD511A1A20500000B237 /* DesignerViewController.m */; };
		6CB7BD541A1A618A0000B237 /* MessageUI.framework in Frameworks */ = {isa = PBXBuildFile; fileRef = 6CB7BD531A1A618A0000B237 /* MessageUI.framework */; };
		CE0E0E921A28A844006BB5F2 /* ClickImage.m in Sources */ = {isa = PBXBuildFile; fileRef = CE0E0E911A28A844006BB5F2 /* ClickImage.m */; };
		CE977AB71A23590B00DD6096 /* Entitlements.plist in Resources */ = {isa = PBXBuildFile; fileRef = CE977AB61A23590B00DD6096 /* Entitlements.plist */; };
		CED1BDB01A600D1300BBD419 /* NewsViewController.m in Sources */ = {isa = PBXBuildFile; fileRef = CED1BDAF1A600D1300BBD419 /* NewsViewController.m */; };
		CED1DFD81A66B8A8008D7715 /* ImageViewTableViewCell.m in Sources */ = {isa = PBXBuildFile; fileRef = CED1DFD71A66B8A8008D7715 /* ImageViewTableViewCell.m */; };
		CED1DFDB1A66BB3E008D7715 /* NewsText.m in Sources */ = {isa = PBXBuildFile; fileRef = CED1DFDA1A66BB3E008D7715 /* NewsText.m */; };
		CED1DFDE1A66C37A008D7715 /* second_image.jpg in Resources */ = {isa = PBXBuildFile; fileRef = CED1DFDC1A66C37A008D7715 /* second_image.jpg */; };
		CED1DFDF1A66C37A008D7715 /* third_image.jpg in Resources */ = {isa = PBXBuildFile; fileRef = CED1DFDD1A66C37A008D7715 /* third_image.jpg */; };
		CED1DFE31A66C389008D7715 /* fifth_image.jpg in Resources */ = {isa = PBXBuildFile; fileRef = CED1DFE01A66C389008D7715 /* fifth_image.jpg */; };
		CED1DFE41A66C389008D7715 /* first_news.png in Resources */ = {isa = PBXBuildFile; fileRef = CED1DFE11A66C389008D7715 /* first_news.png */; };
		CED1DFE51A66C389008D7715 /* fourth_image.jpg in Resources */ = {isa = PBXBuildFile; fileRef = CED1DFE21A66C389008D7715 /* fourth_image.jpg */; };
		CED1DFE81A66FD46008D7715 /* DetailNewsViewController.m in Sources */ = {isa = PBXBuildFile; fileRef = CED1DFE71A66FD46008D7715 /* DetailNewsViewController.m */; };
/* End PBXBuildFile section */

/* Begin PBXBuildRule section */
		6CA18FF61A13CD6C004E6600 /* PBXBuildRule */ = {
			isa = PBXBuildRule;
			compilerSpec = com.apple.compilers.proxy.script;
			fileType = pattern.proxy;
			isEditable = 1;
			outputFiles = (
			);
		};
/* End PBXBuildRule section */

/* Begin PBXContainerItemProxy section */
		6C7689401A0E5D02000CF474 /* PBXContainerItemProxy */ = {
			isa = PBXContainerItemProxy;
			containerPortal = 6C76891E1A0E5D01000CF474 /* Project object */;
			proxyType = 1;
			remoteGlobalIDString = 6C7689251A0E5D02000CF474;
			remoteInfo = "Kocher+Beck";
		};
/* End PBXContainerItemProxy section */

/* Begin PBXFileReference section */
		6C088BA61A1A852B0003DF44 /* Ipad.storyboard */ = {isa = PBXFileReference; fileEncoding = 4; lastKnownFileType = file.storyboard; name = Ipad.storyboard; path = ../Ipad.storyboard; sourceTree = "<group>"; };
		6C7689261A0E5D02000CF474 /* Kocher+Beck.app */ = {isa = PBXFileReference; explicitFileType = wrapper.application; includeInIndex = 0; path = "Kocher+Beck.app"; sourceTree = BUILT_PRODUCTS_DIR; };
		6C76892A1A0E5D02000CF474 /* Info.plist */ = {isa = PBXFileReference; lastKnownFileType = text.plist.xml; path = Info.plist; sourceTree = "<group>"; };
		6C76892B1A0E5D02000CF474 /* main.m */ = {isa = PBXFileReference; lastKnownFileType = sourcecode.c.objc; path = main.m; sourceTree = "<group>"; };
		6C76892D1A0E5D02000CF474 /* AppDelegate.h */ = {isa = PBXFileReference; lastKnownFileType = sourcecode.c.h; path = AppDelegate.h; sourceTree = "<group>"; };
		6C76892E1A0E5D02000CF474 /* AppDelegate.m */ = {isa = PBXFileReference; lastKnownFileType = sourcecode.c.objc; path = AppDelegate.m; sourceTree = "<group>"; };
		6C7689301A0E5D02000CF474 /* ViewController.h */ = {isa = PBXFileReference; lastKnownFileType = sourcecode.c.h; path = ViewController.h; sourceTree = "<group>"; };
		6C7689311A0E5D02000CF474 /* ViewController.m */ = {isa = PBXFileReference; lastKnownFileType = sourcecode.c.objc; path = ViewController.m; sourceTree = "<group>"; };
		6C7689341A0E5D02000CF474 /* Base */ = {isa = PBXFileReference; lastKnownFileType = file.storyboard; name = Base; path = Base.lproj/Main.storyboard; sourceTree = "<group>"; };
		6C7689361A0E5D02000CF474 /* Images.xcassets */ = {isa = PBXFileReference; lastKnownFileType = folder.assetcatalog; path = Images.xcassets; sourceTree = "<group>"; };
		6C7689391A0E5D02000CF474 /* Base */ = {isa = PBXFileReference; lastKnownFileType = file.xib; name = Base; path = Base.lproj/LaunchScreen.xib; sourceTree = "<group>"; };
		6C76893F1A0E5D02000CF474 /* Kocher+BeckTests.xctest */ = {isa = PBXFileReference; explicitFileType = wrapper.cfbundle; includeInIndex = 0; path = "Kocher+BeckTests.xctest"; sourceTree = BUILT_PRODUCTS_DIR; };
		6C7689441A0E5D02000CF474 /* Info.plist */ = {isa = PBXFileReference; lastKnownFileType = text.plist.xml; path = Info.plist; sourceTree = "<group>"; };
		6C7689451A0E5D02000CF474 /* Kocher_BeckTests.m */ = {isa = PBXFileReference; lastKnownFileType = sourcecode.c.objc; path = Kocher_BeckTests.m; sourceTree = "<group>"; };
		6CB7BD471A19DB870000B237 /* ManagerViewController.h */ = {isa = PBXFileReference; fileEncoding = 4; lastKnownFileType = sourcecode.c.h; name = ManagerViewController.h; path = ../ManagerViewController.h; sourceTree = "<group>"; };
		6CB7BD481A19DB870000B237 /* ManagerViewController.m */ = {isa = PBXFileReference; fileEncoding = 4; lastKnownFileType = sourcecode.c.objc; name = ManagerViewController.m; path = ../ManagerViewController.m; sourceTree = "<group>"; };
		6CB7BD4A1A1A05920000B237 /* ProductionsViewController.h */ = {isa = PBXFileReference; fileEncoding = 4; lastKnownFileType = sourcecode.c.h; name = ProductionsViewController.h; path = ../ProductionsViewController.h; sourceTree = "<group>"; };
		6CB7BD4B1A1A05920000B237 /* ProductionsViewController.m */ = {isa = PBXFileReference; fileEncoding = 4; lastKnownFileType = sourcecode.c.objc; name = ProductionsViewController.m; path = ../ProductionsViewController.m; sourceTree = "<group>"; };
		6CB7BD4D1A1A1F810000B237 /* NojViewController.h */ = {isa = PBXFileReference; fileEncoding = 4; lastKnownFileType = sourcecode.c.h; name = NojViewController.h; path = ../NojViewController.h; sourceTree = "<group>"; };
		6CB7BD4E1A1A1F810000B237 /* NojViewController.m */ = {isa = PBXFileReference; fileEncoding = 4; lastKnownFileType = sourcecode.c.objc; name = NojViewController.m; path = ../NojViewController.m; sourceTree = "<group>"; };
		6CB7BD501A1A20500000B237 /* DesignerViewController.h */ = {isa = PBXFileReference; fileEncoding = 4; lastKnownFileType = sourcecode.c.h; name = DesignerViewController.h; path = ../DesignerViewController.h; sourceTree = "<group>"; };
		6CB7BD511A1A20500000B237 /* DesignerViewController.m */ = {isa = PBXFileReference; fileEncoding = 4; lastKnownFileType = sourcecode.c.objc; name = DesignerViewController.m; path = ../DesignerViewController.m; sourceTree = "<group>"; };
		6CB7BD531A1A618A0000B237 /* MessageUI.framework */ = {isa = PBXFileReference; lastKnownFileType = wrapper.framework; name = MessageUI.framework; path = System/Library/Frameworks/MessageUI.framework; sourceTree = SDKROOT; };
		CE0E0E901A28A844006BB5F2 /* ClickImage.h */ = {isa = PBXFileReference; fileEncoding = 4; lastKnownFileType = sourcecode.c.h; path = ClickImage.h; sourceTree = SOURCE_ROOT; };
		CE0E0E911A28A844006BB5F2 /* ClickImage.m */ = {isa = PBXFileReference; fileEncoding = 4; lastKnownFileType = sourcecode.c.objc; path = ClickImage.m; sourceTree = SOURCE_ROOT; };
		CE977AB61A23590B00DD6096 /* Entitlements.plist */ = {isa = PBXFileReference; fileEncoding = 4; lastKnownFileType = text.plist.xml; path = Entitlements.plist; sourceTree = "<group>"; };
		CECF7A171A247A7B0053669F /* en */ = {isa = PBXFileReference; lastKnownFileType = text.plist.strings; name = en; path = en.lproj/Main.strings; sourceTree = "<group>"; };
		CED1BDAE1A600D1300BBD419 /* NewsViewController.h */ = {isa = PBXFileReference; fileEncoding = 4; lastKnownFileType = sourcecode.c.h; path = NewsViewController.h; sourceTree = "<group>"; };
		CED1BDAF1A600D1300BBD419 /* NewsViewController.m */ = {isa = PBXFileReference; fileEncoding = 4; lastKnownFileType = sourcecode.c.objc; path = NewsViewController.m; sourceTree = "<group>"; };
		CED1DFD61A66B8A8008D7715 /* ImageViewTableViewCell.h */ = {isa = PBXFileReference; fileEncoding = 4; lastKnownFileType = sourcecode.c.h; path = ImageViewTableViewCell.h; sourceTree = "<group>"; };
		CED1DFD71A66B8A8008D7715 /* ImageViewTableViewCell.m */ = {isa = PBXFileReference; fileEncoding = 4; lastKnownFileType = sourcecode.c.objc; path = ImageViewTableViewCell.m; sourceTree = "<group>"; };
		CED1DFD91A66BB3E008D7715 /* NewsText.h */ = {isa = PBXFileReference; fileEncoding = 4; lastKnownFileType = sourcecode.c.h; path = NewsText.h; sourceTree = "<group>"; };
		CED1DFDA1A66BB3E008D7715 /* NewsText.m */ = {isa = PBXFileReference; fileEncoding = 4; lastKnownFileType = sourcecode.c.objc; path = NewsText.m; sourceTree = "<group>"; };
		CED1DFDC1A66C37A008D7715 /* second_image.jpg */ = {isa = PBXFileReference; lastKnownFileType = image.jpeg; path = second_image.jpg; sourceTree = "<group>"; };
		CED1DFDD1A66C37A008D7715 /* third_image.jpg */ = {isa = PBXFileReference; lastKnownFileType = image.jpeg; path = third_image.jpg; sourceTree = "<group>"; };
		CED1DFE01A66C389008D7715 /* fifth_image.jpg */ = {isa = PBXFileReference; lastKnownFileType = image.jpeg; path = fifth_image.jpg; sourceTree = "<group>"; };
		CED1DFE11A66C389008D7715 /* first_news.png */ = {isa = PBXFileReference; lastKnownFileType = image.png; path = first_news.png; sourceTree = "<group>"; };
		CED1DFE21A66C389008D7715 /* fourth_image.jpg */ = {isa = PBXFileReference; lastKnownFileType = image.jpeg; path = fourth_image.jpg; sourceTree = "<group>"; };
		CED1DFE61A66FD46008D7715 /* DetailNewsViewController.h */ = {isa = PBXFileReference; fileEncoding = 4; lastKnownFileType = sourcecode.c.h; path = DetailNewsViewController.h; sourceTree = "<group>"; };
		CED1DFE71A66FD46008D7715 /* DetailNewsViewController.m */ = {isa = PBXFileReference; fileEncoding = 4; lastKnownFileType = sourcecode.c.objc; path = DetailNewsViewController.m; sourceTree = "<group>"; };
/* End PBXFileReference section */

/* Begin PBXFrameworksBuildPhase section */
		6C7689231A0E5D02000CF474 /* Frameworks */ = {
			isa = PBXFrameworksBuildPhase;
			buildActionMask = 2147483647;
			files = (
				6CB7BD541A1A618A0000B237 /* MessageUI.framework in Frameworks */,
			);
			runOnlyForDeploymentPostprocessing = 0;
		};
		6C76893C1A0E5D02000CF474 /* Frameworks */ = {
			isa = PBXFrameworksBuildPhase;
			buildActionMask = 2147483647;
			files = (
			);
			runOnlyForDeploymentPostprocessing = 0;
		};
/* End PBXFrameworksBuildPhase section */

/* Begin PBXGroup section */
		6C76891D1A0E5D01000CF474 = {
			isa = PBXGroup;
			children = (
				CE977AB61A23590B00DD6096 /* Entitlements.plist */,
				6C7689281A0E5D02000CF474 /* Kocher+Beck */,
				6C7689421A0E5D02000CF474 /* Kocher+BeckTests */,
				6C7689271A0E5D02000CF474 /* Products */,
				6CB7BD551A1A61F30000B237 /* Frameworks */,
			);
			sourceTree = "<group>";
		};
		6C7689271A0E5D02000CF474 /* Products */ = {
			isa = PBXGroup;
			children = (
				6C7689261A0E5D02000CF474 /* Kocher+Beck.app */,
				6C76893F1A0E5D02000CF474 /* Kocher+BeckTests.xctest */,
			);
			name = Products;
			sourceTree = "<group>";
		};
		6C7689281A0E5D02000CF474 /* Kocher+Beck */ = {
			isa = PBXGroup;
			children = (
				CED1DFD51A66B868008D7715 /* News */,
				CE0E0E901A28A844006BB5F2 /* ClickImage.h */,
				CE0E0E911A28A844006BB5F2 /* ClickImage.m */,
				6C76892D1A0E5D02000CF474 /* AppDelegate.h */,
				6C76892E1A0E5D02000CF474 /* AppDelegate.m */,
				6CB7BD501A1A20500000B237 /* DesignerViewController.h */,
				6CB7BD511A1A20500000B237 /* DesignerViewController.m */,
				6CB7BD4D1A1A1F810000B237 /* NojViewController.h */,
				6CB7BD4E1A1A1F810000B237 /* NojViewController.m */,
				6CB7BD4A1A1A05920000B237 /* ProductionsViewController.h */,
				6CB7BD4B1A1A05920000B237 /* ProductionsViewController.m */,
				6CB7BD471A19DB870000B237 /* ManagerViewController.h */,
				6CB7BD481A19DB870000B237 /* ManagerViewController.m */,
				6C7689301A0E5D02000CF474 /* ViewController.h */,
				6C7689311A0E5D02000CF474 /* ViewController.m */,
				6C7689331A0E5D02000CF474 /* Main.storyboard */,
				6C088BA61A1A852B0003DF44 /* Ipad.storyboard */,
				6C7689361A0E5D02000CF474 /* Images.xcassets */,
				6C7689381A0E5D02000CF474 /* LaunchScreen.xib */,
				6C7689291A0E5D02000CF474 /* Supporting Files */,
			);
			path = "Kocher+Beck";
			sourceTree = "<group>";
		};
		6C7689291A0E5D02000CF474 /* Supporting Files */ = {
			isa = PBXGroup;
			children = (
				6C76892A1A0E5D02000CF474 /* Info.plist */,
				6C76892B1A0E5D02000CF474 /* main.m */,
			);
			name = "Supporting Files";
			sourceTree = "<group>";
		};
		6C7689421A0E5D02000CF474 /* Kocher+BeckTests */ = {
			isa = PBXGroup;
			children = (
				6C7689451A0E5D02000CF474 /* Kocher_BeckTests.m */,
				6C7689431A0E5D02000CF474 /* Supporting Files */,
			);
			path = "Kocher+BeckTests";
			sourceTree = "<group>";
		};
		6C7689431A0E5D02000CF474 /* Supporting Files */ = {
			isa = PBXGroup;
			children = (
				6C7689441A0E5D02000CF474 /* Info.plist */,
			);
			name = "Supporting Files";
			sourceTree = "<group>";
		};
		6CB7BD551A1A61F30000B237 /* Frameworks */ = {
			isa = PBXGroup;
			children = (
				6CB7BD531A1A618A0000B237 /* MessageUI.framework */,
			);
			name = Frameworks;
			sourceTree = "<group>";
		};
		CED1DFD51A66B868008D7715 /* News */ = {
			isa = PBXGroup;
			children = (
				CED1DFE01A66C389008D7715 /* fifth_image.jpg */,
				CED1DFE11A66C389008D7715 /* first_news.png */,
				CED1DFE21A66C389008D7715 /* fourth_image.jpg */,
				CED1DFDC1A66C37A008D7715 /* second_image.jpg */,
				CED1DFDD1A66C37A008D7715 /* third_image.jpg */,
				CED1BDAE1A600D1300BBD419 /* NewsViewController.h */,
				CED1BDAF1A600D1300BBD419 /* NewsViewController.m */,
				CED1DFD61A66B8A8008D7715 /* ImageViewTableViewCell.h */,
				CED1DFD71A66B8A8008D7715 /* ImageViewTableViewCell.m */,
				CED1DFD91A66BB3E008D7715 /* NewsText.h */,
				CED1DFDA1A66BB3E008D7715 /* NewsText.m */,
				CED1DFE61A66FD46008D7715 /* DetailNewsViewController.h */,
				CED1DFE71A66FD46008D7715 /* DetailNewsViewController.m */,
			);
			name = News;
			sourceTree = "<group>";
		};
/* End PBXGroup section */

/* Begin PBXNativeTarget section */
		6C7689251A0E5D02000CF474 /* Kocher+Beck */ = {
			isa = PBXNativeTarget;
			buildConfigurationList = 6C7689491A0E5D02000CF474 /* Build configuration list for PBXNativeTarget "Kocher+Beck" */;
			buildPhases = (
				6C7689221A0E5D02000CF474 /* Sources */,
				6C7689231A0E5D02000CF474 /* Frameworks */,
				6C7689241A0E5D02000CF474 /* Resources */,
			);
			buildRules = (
				6CA18FF61A13CD6C004E6600 /* PBXBuildRule */,
			);
			dependencies = (
			);
			name = "Kocher+Beck";
			productName = "Kocher+Beck";
			productReference = 6C7689261A0E5D02000CF474 /* Kocher+Beck.app */;
			productType = "com.apple.product-type.application";
		};
		6C76893E1A0E5D02000CF474 /* Kocher+BeckTests */ = {
			isa = PBXNativeTarget;
			buildConfigurationList = 6C76894C1A0E5D02000CF474 /* Build configuration list for PBXNativeTarget "Kocher+BeckTests" */;
			buildPhases = (
				6C76893B1A0E5D02000CF474 /* Sources */,
				6C76893C1A0E5D02000CF474 /* Frameworks */,
				6C76893D1A0E5D02000CF474 /* Resources */,
			);
			buildRules = (
			);
			dependencies = (
				6C7689411A0E5D02000CF474 /* PBXTargetDependency */,
			);
			name = "Kocher+BeckTests";
			productName = "Kocher+BeckTests";
			productReference = 6C76893F1A0E5D02000CF474 /* Kocher+BeckTests.xctest */;
			productType = "com.apple.product-type.bundle.unit-test";
		};
/* End PBXNativeTarget section */

/* Begin PBXProject section */
		6C76891E1A0E5D01000CF474 /* Project object */ = {
			isa = PBXProject;
			attributes = {
				LastUpgradeCheck = 0610;
				ORGANIZATIONNAME = "Alim Tsipinov";
				TargetAttributes = {
					6C7689251A0E5D02000CF474 = {
						CreatedOnToolsVersion = 6.1;
					};
					6C76893E1A0E5D02000CF474 = {
						CreatedOnToolsVersion = 6.1;
						TestTargetID = 6C7689251A0E5D02000CF474;
					};
				};
			};
			buildConfigurationList = 6C7689211A0E5D01000CF474 /* Build configuration list for PBXProject "Kocher+Beck" */;
			compatibilityVersion = "Xcode 3.2";
			developmentRegion = English;
			hasScannedForEncodings = 0;
			knownRegions = (
				en,
				Base,
			);
			mainGroup = 6C76891D1A0E5D01000CF474;
			productRefGroup = 6C7689271A0E5D02000CF474 /* Products */;
			projectDirPath = "";
			projectRoot = "";
			targets = (
				6C7689251A0E5D02000CF474 /* Kocher+Beck */,
				6C76893E1A0E5D02000CF474 /* Kocher+BeckTests */,
			);
		};
/* End PBXProject section */

/* Begin PBXResourcesBuildPhase section */
		6C7689241A0E5D02000CF474 /* Resources */ = {
			isa = PBXResourcesBuildPhase;
			buildActionMask = 2147483647;
			files = (
				6C088BA71A1A852B0003DF44 /* Ipad.storyboard in Resources */,
				CED1DFE51A66C389008D7715 /* fourth_image.jpg in Resources */,
				CED1DFE31A66C389008D7715 /* fifth_image.jpg in Resources */,
				CED1DFDE1A66C37A008D7715 /* second_image.jpg in Resources */,
				6C7689351A0E5D02000CF474 /* Main.storyboard in Resources */,
				6C76893A1A0E5D02000CF474 /* LaunchScreen.xib in Resources */,
				CED1DFE41A66C389008D7715 /* first_news.png in Resources */,
				CE977AB71A23590B00DD6096 /* Entitlements.plist in Resources */,
				CED1DFDF1A66C37A008D7715 /* third_image.jpg in Resources */,
				6C7689371A0E5D02000CF474 /* Images.xcassets in Resources */,
			);
			runOnlyForDeploymentPostprocessing = 0;
		};
		6C76893D1A0E5D02000CF474 /* Resources */ = {
			isa = PBXResourcesBuildPhase;
			buildActionMask = 2147483647;
			files = (
			);
			runOnlyForDeploymentPostprocessing = 0;
		};
/* End PBXResourcesBuildPhase section */

/* Begin PBXSourcesBuildPhase section */
		6C7689221A0E5D02000CF474 /* Sources */ = {
			isa = PBXSourcesBuildPhase;
			buildActionMask = 2147483647;
			files = (
				CED1DFE81A66FD46008D7715 /* DetailNewsViewController.m in Sources */,
				CE0E0E921A28A844006BB5F2 /* ClickImage.m in Sources */,
				6CB7BD491A19DB870000B237 /* ManagerViewController.m in Sources */,
				CED1DFD81A66B8A8008D7715 /* ImageViewTableViewCell.m in Sources */,
				6C7689321A0E5D02000CF474 /* ViewController.m in Sources */,
				6CB7BD4F1A1A1F810000B237 /* NojViewController.m in Sources */,
				CED1DFDB1A66BB3E008D7715 /* NewsText.m in Sources */,
				6C76892F1A0E5D02000CF474 /* AppDelegate.m in Sources */,
				6CB7BD521A1A20500000B237 /* DesignerViewController.m in Sources */,
				CED1BDB01A600D1300BBD419 /* NewsViewController.m in Sources */,
				6CB7BD4C1A1A05920000B237 /* ProductionsViewController.m in Sources */,
				6C76892C1A0E5D02000CF474 /* main.m in Sources */,
			);
			runOnlyForDeploymentPostprocessing = 0;
		};
		6C76893B1A0E5D02000CF474 /* Sources */ = {
			isa = PBXSourcesBuildPhase;
			buildActionMask = 2147483647;
			files = (
				6C7689461A0E5D02000CF474 /* Kocher_BeckTests.m in Sources */,
			);
			runOnlyForDeploymentPostprocessing = 0;
		};
/* End PBXSourcesBuildPhase section */

/* Begin PBXTargetDependency section */
		6C7689411A0E5D02000CF474 /* PBXTargetDependency */ = {
			isa = PBXTargetDependency;
			target = 6C7689251A0E5D02000CF474 /* Kocher+Beck */;
			targetProxy = 6C7689401A0E5D02000CF474 /* PBXContainerItemProxy */;
		};
/* End PBXTargetDependency section */

/* Begin PBXVariantGroup section */
		6C7689331A0E5D02000CF474 /* Main.storyboard */ = {
			isa = PBXVariantGroup;
			children = (
				6C7689341A0E5D02000CF474 /* Base */,
				CECF7A171A247A7B0053669F /* en */,
			);
			name = Main.storyboard;
			sourceTree = "<group>";
		};
		6C7689381A0E5D02000CF474 /* LaunchScreen.xib */ = {
			isa = PBXVariantGroup;
			children = (
				6C7689391A0E5D02000CF474 /* Base */,
			);
			name = LaunchScreen.xib;
			sourceTree = "<group>";
		};
/* End PBXVariantGroup section */

/* Begin XCBuildConfiguration section */
		6C7689471A0E5D02000CF474 /* Debug */ = {
			isa = XCBuildConfiguration;
			buildSettings = {
				ALWAYS_SEARCH_USER_PATHS = NO;
				CLANG_CXX_LANGUAGE_STANDARD = "gnu++0x";
				CLANG_CXX_LIBRARY = "libc++";
				CLANG_ENABLE_MODULES = YES;
				CLANG_ENABLE_OBJC_ARC = YES;
				CLANG_WARN_BOOL_CONVERSION = YES;
				CLANG_WARN_CONSTANT_CONVERSION = YES;
				CLANG_WARN_DIRECT_OBJC_ISA_USAGE = YES_ERROR;
				CLANG_WARN_EMPTY_BODY = YES;
				CLANG_WARN_ENUM_CONVERSION = YES;
				CLANG_WARN_INT_CONVERSION = YES;
				CLANG_WARN_OBJC_ROOT_CLASS = YES_ERROR;
				CLANG_WARN_UNREACHABLE_CODE = YES;
				CLANG_WARN__DUPLICATE_METHOD_MATCH = YES;
				CODE_SIGN_ENTITLEMENTS = Entitlements.plist;
				CODE_SIGN_IDENTITY = "-";
				"CODE_SIGN_IDENTITY[sdk=iphoneos*]" = "-";
				COPY_PHASE_STRIP = NO;
				ENABLE_STRICT_OBJC_MSGSEND = YES;
				GCC_C_LANGUAGE_STANDARD = gnu99;
				GCC_DYNAMIC_NO_PIC = NO;
				GCC_OPTIMIZATION_LEVEL = 0;
				GCC_PREPROCESSOR_DEFINITIONS = (
					"DEBUG=1",
					"$(inherited)",
				);
				GCC_SYMBOLS_PRIVATE_EXTERN = NO;
				GCC_WARN_64_TO_32_BIT_CONVERSION = YES;
				GCC_WARN_ABOUT_RETURN_TYPE = YES_ERROR;
				GCC_WARN_UNDECLARED_SELECTOR = YES;
				GCC_WARN_UNINITIALIZED_AUTOS = YES_AGGRESSIVE;
				GCC_WARN_UNUSED_FUNCTION = YES;
				GCC_WARN_UNUSED_VARIABLE = YES;
				IPHONEOS_DEPLOYMENT_TARGET = 6.0;
				MTL_ENABLE_DEBUG_INFO = YES;
				ONLY_ACTIVE_ARCH = YES;
				SDKROOT = iphoneos;
			};
			name = Debug;
		};
		6C7689481A0E5D02000CF474 /* Release */ = {
			isa = XCBuildConfiguration;
			buildSettings = {
				ALWAYS_SEARCH_USER_PATHS = NO;
				CLANG_CXX_LANGUAGE_STANDARD = "gnu++0x";
				CLANG_CXX_LIBRARY = "libc++";
				CLANG_ENABLE_MODULES = YES;
				CLANG_ENABLE_OBJC_ARC = YES;
				CLANG_WARN_BOOL_CONVERSION = YES;
				CLANG_WARN_CONSTANT_CONVERSION = YES;
				CLANG_WARN_DIRECT_OBJC_ISA_USAGE = YES_ERROR;
				CLANG_WARN_EMPTY_BODY = YES;
				CLANG_WARN_ENUM_CONVERSION = YES;
				CLANG_WARN_INT_CONVERSION = YES;
				CLANG_WARN_OBJC_ROOT_CLASS = YES_ERROR;
				CLANG_WARN_UNREACHABLE_CODE = YES;
				CLANG_WARN__DUPLICATE_METHOD_MATCH = YES;
				CODE_SIGN_ENTITLEMENTS = Entitlements.plist;
				CODE_SIGN_IDENTITY = "-";
				"CODE_SIGN_IDENTITY[sdk=iphoneos*]" = "-";
				COPY_PHASE_STRIP = YES;
				ENABLE_NS_ASSERTIONS = NO;
				ENABLE_STRICT_OBJC_MSGSEND = YES;
				GCC_C_LANGUAGE_STANDARD = gnu99;
				GCC_WARN_64_TO_32_BIT_CONVERSION = YES;
				GCC_WARN_ABOUT_RETURN_TYPE = YES_ERROR;
				GCC_WARN_UNDECLARED_SELECTOR = YES;
				GCC_WARN_UNINITIALIZED_AUTOS = YES_AGGRESSIVE;
				GCC_WARN_UNUSED_FUNCTION = YES;
				GCC_WARN_UNUSED_VARIABLE = YES;
				IPHONEOS_DEPLOYMENT_TARGET = 6.0;
				MTL_ENABLE_DEBUG_INFO = NO;
				SDKROOT = iphoneos;
				VALIDATE_PRODUCT = YES;
			};
			name = Release;
		};
		6C76894A1A0E5D02000CF474 /* Debug */ = {
			isa = XCBuildConfiguration;
			buildSettings = {
				ASSETCATALOG_COMPILER_APPICON_NAME = AppIcon;
				ASSETCATALOG_COMPILER_LAUNCHIMAGE_NAME = LaunchImage;
				INFOPLIST_FILE = "Kocher+Beck/Info.plist";
				IPHONEOS_DEPLOYMENT_TARGET = 6.0;
				LD_RUNPATH_SEARCH_PATHS = "$(inherited) @executable_path/Frameworks";
				PRODUCT_NAME = "$(TARGET_NAME)";
				TARGETED_DEVICE_FAMILY = "1,2";
			};
			name = Debug;
		};
		6C76894B1A0E5D02000CF474 /* Release */ = {
			isa = XCBuildConfiguration;
			buildSettings = {
				ASSETCATALOG_COMPILER_APPICON_NAME = AppIcon;
				ASSETCATALOG_COMPILER_LAUNCHIMAGE_NAME = LaunchImage;
				INFOPLIST_FILE = "Kocher+Beck/Info.plist";
				IPHONEOS_DEPLOYMENT_TARGET = 6.0;
				LD_RUNPATH_SEARCH_PATHS = "$(inherited) @executable_path/Frameworks";
				PRODUCT_NAME = "$(TARGET_NAME)";
				TARGETED_DEVICE_FAMILY = "1,2";
			};
			name = Release;
		};
		6C76894D1A0E5D02000CF474 /* Debug */ = {
			isa = XCBuildConfiguration;
			buildSettings = {
				BUNDLE_LOADER = "$(TEST_HOST)";
				FRAMEWORK_SEARCH_PATHS = (
					"$(SDKROOT)/Developer/Library/Frameworks",
					"$(inherited)",
				);
				GCC_PREPROCESSOR_DEFINITIONS = (
					"DEBUG=1",
					"$(inherited)",
				);
				INFOPLIST_FILE = "Kocher+BeckTests/Info.plist";
				LD_RUNPATH_SEARCH_PATHS = "$(inherited) @executable_path/Frameworks @loader_path/Frameworks";
				PRODUCT_NAME = "$(TARGET_NAME)";
				TEST_HOST = "$(BUILT_PRODUCTS_DIR)/Kocher+Beck.app/Kocher+Beck";
			};
			name = Debug;
		};
		6C76894E1A0E5D02000CF474 /* Release */ = {
			isa = XCBuildConfiguration;
			buildSettings = {
				BUNDLE_LOADER = "$(TEST_HOST)";
				FRAMEWORK_SEARCH_PATHS = (
					"$(SDKROOT)/Developer/Library/Frameworks",
					"$(inherited)",
				);
				INFOPLIST_FILE = "Kocher+BeckTests/Info.plist";
				LD_RUNPATH_SEARCH_PATHS = "$(inherited) @executable_path/Frameworks @loader_path/Frameworks";
				PRODUCT_NAME = "$(TARGET_NAME)";
				TEST_HOST = "$(BUILT_PRODUCTS_DIR)/Kocher+Beck.app/Kocher+Beck";
			};
			name = Release;
		};
/* End XCBuildConfiguration section */

/* Begin XCConfigurationList section */
		6C7689211A0E5D01000CF474 /* Build configuration list for PBXProject "Kocher+Beck" */ = {
			isa = XCConfigurationList;
			buildConfigurations = (
				6C7689471A0E5D02000CF474 /* Debug */,
				6C7689481A0E5D02000CF474 /* Release */,
			);
			defaultConfigurationIsVisible = 0;
			defaultConfigurationName = Release;
		};
		6C7689491A0E5D02000CF474 /* Build configuration list for PBXNativeTarget "Kocher+Beck" */ = {
			isa = XCConfigurationList;
			buildConfigurations = (
				6C76894A1A0E5D02000CF474 /* Debug */,
				6C76894B1A0E5D02000CF474 /* Release */,
			);
			defaultConfigurationIsVisible = 0;
			defaultConfigurationName = Release;
		};
		6C76894C1A0E5D02000CF474 /* Build configuration list for PBXNativeTarget "Kocher+BeckTests" */ = {
			isa = XCConfigurationList;
			buildConfigurations = (
				6C76894D1A0E5D02000CF474 /* Debug */,
				6C76894E1A0E5D02000CF474 /* Release */,
			);
			defaultConfigurationIsVisible = 0;
			defaultConfigurationName = Release;
		};
/* End XCConfigurationList section */
	};
	rootObject = 6C76891E1A0E5D01000CF474 /* Project object */;
}
